
Microsoft Visual Studio Solution File, Format Version 12.00
# Visual Studio Version 17
VisualStudioVersion = 17.5.33414.496
MinimumVisualStudioVersion = 10.0.40219.1
Project("{FAE04EC0-301F-11D3-BF4B-00C04F79EFBC}") = "popoMultiplayServer", "popoMultiplayServer.csproj", "{B1707B98-79C0-443A-9A57-2C794C8E6066}"
EndProject
Global
	GlobalSection(SolutionConfigurationPlatforms) = preSolution
		Debug|Any CPU = Debug|Any CPU
		Release|Any CPU = Release|Any CPU
	EndGlobalSection
	GlobalSection(ProjectConfigurationPlatforms) = postSolution
		{B1707B98-79C0-443A-9A57-2C794C8E6066}.Debug|Any CPU.ActiveCfg = Debug|Any CPU
		{B1707B98-79C0-443A-9A57-2C794C8E6066}.Debug|Any CPU.Build.0 = Debug|Any CPU
		{B1707B98-79C0-443A-9A57-2C794C8E6066}.Release|Any CPU.ActiveCfg = Release|Any CPU
		{B1707B98-79C0-443A-9A57-2C794C8E6066}.Release|Any CPU.Build.0 = Release|Any CPU
	EndGlobalSection
	GlobalSection(SolutionProperties) = preSolution
		HideSolutionNode = FALSE
	EndGlobalSection
	GlobalSection(ExtensibilityGlobals) = postSolution
		SolutionGuid = {75934FA6-8482-421F-A44D-7D1BE8CB219E}
	EndGlobalSection
EndGlobal
